
Microsoft Visual Studio Solution File, Format Version 12.00
# Visual Studio Version 17
VisualStudioVersion = 17.1.32210.238
MinimumVisualStudioVersion = 10.0.40219.1
Project("{FAE04EC0-301F-11D3-BF4B-00C04F79EFBC}") = "Domain", "Domain\Domain.csproj", "{9CE8D2C1-7836-43EB-8C94-79602A984B5F}"
EndProject
Project("{FAE04EC0-301F-11D3-BF4B-00C04F79EFBC}") = "Application", "Application\Application.csproj", "{B01127D1-0E4B-4F02-B4CB-AC87D36F05F2}"
EndProject
Project("{FAE04EC0-301F-11D3-BF4B-00C04F79EFBC}") = "Console", "Console\Console.csproj", "{EE91D8B6-435E-4866-9111-5C43983E15F1}"
EndProject
Project("{FAE04EC0-301F-11D3-BF4B-00C04F79EFBC}") = "DotNetCore6_Domain", "DotNetCore6Project\DotNetCore6_Domain.csproj", "{B2B20F03-CC17-45DA-9545-0D6763ECF0E3}"
EndProject
Project("{FAE04EC0-301F-11D3-BF4B-00C04F79EFBC}") = "DotNet6Core_Application", "DotNet6Core_Application\DotNet6Core_Application.csproj", "{48A6F7E5-7AC1-40DC-BA04-204C7460E4AA}"
EndProject
Global
	GlobalSection(SolutionConfigurationPlatforms) = preSolution
		Debug|Any CPU = Debug|Any CPU
		Release|Any CPU = Release|Any CPU
	EndGlobalSection
	GlobalSection(ProjectConfigurationPlatforms) = postSolution
		{9CE8D2C1-7836-43EB-8C94-79602A984B5F}.Debug|Any CPU.ActiveCfg = Debug|Any CPU
		{9CE8D2C1-7836-43EB-8C94-79602A984B5F}.Debug|Any CPU.Build.0 = Debug|Any CPU
		{9CE8D2C1-7836-43EB-8C94-79602A984B5F}.Release|Any CPU.ActiveCfg = Release|Any CPU
		{9CE8D2C1-7836-43EB-8C94-79602A984B5F}.Release|Any CPU.Build.0 = Release|Any CPU
		{B01127D1-0E4B-4F02-B4CB-AC87D36F05F2}.Debug|Any CPU.ActiveCfg = Debug|Any CPU
		{B01127D1-0E4B-4F02-B4CB-AC87D36F05F2}.Debug|Any CPU.Build.0 = Debug|Any CPU
		{B01127D1-0E4B-4F02-B4CB-AC87D36F05F2}.Release|Any CPU.ActiveCfg = Release|Any CPU
		{B01127D1-0E4B-4F02-B4CB-AC87D36F05F2}.Release|Any CPU.Build.0 = Release|Any CPU
		{EE91D8B6-435E-4866-9111-5C43983E15F1}.Debug|Any CPU.ActiveCfg = Debug|Any CPU
		{EE91D8B6-435E-4866-9111-5C43983E15F1}.Debug|Any CPU.Build.0 = Debug|Any CPU
		{EE91D8B6-435E-4866-9111-5C43983E15F1}.Release|Any CPU.ActiveCfg = Release|Any CPU
		{EE91D8B6-435E-4866-9111-5C43983E15F1}.Release|Any CPU.Build.0 = Release|Any CPU
		{B2B20F03-CC17-45DA-9545-0D6763ECF0E3}.Debug|Any CPU.ActiveCfg = Debug|Any CPU
		{B2B20F03-CC17-45DA-9545-0D6763ECF0E3}.Debug|Any CPU.Build.0 = Debug|Any CPU
		{B2B20F03-CC17-45DA-9545-0D6763ECF0E3}.Release|Any CPU.ActiveCfg = Release|Any CPU
		{B2B20F03-CC17-45DA-9545-0D6763ECF0E3}.Release|Any CPU.Build.0 = Release|Any CPU
		{48A6F7E5-7AC1-40DC-BA04-204C7460E4AA}.Debug|Any CPU.ActiveCfg = Debug|Any CPU
		{48A6F7E5-7AC1-40DC-BA04-204C7460E4AA}.Debug|Any CPU.Build.0 = Debug|Any CPU
		{48A6F7E5-7AC1-40DC-BA04-204C7460E4AA}.Release|Any CPU.ActiveCfg = Release|Any CPU
		{48A6F7E5-7AC1-40DC-BA04-204C7460E4AA}.Release|Any CPU.Build.0 = Release|Any CPU
	EndGlobalSection
	GlobalSection(SolutionProperties) = preSolution
		HideSolutionNode = FALSE
	EndGlobalSection
	GlobalSection(ExtensibilityGlobals) = postSolution
		SolutionGuid = {6A7756BE-25A1-4EF8-AFE6-0B18706BB5FE}
	EndGlobalSection
EndGlobal
